{
  "name": "@zzzzbov/create-new",
  "version": "0.0.1",
  "lockfileVersion": 3,
  "requires": true,
  "packages": {
    "": {
      "name": "@zzzzbov/create-new",
      "version": "0.0.1",
      "license": "MIT",
      "bin": {
        "create-new": "index.js",
        "new": "index.js"
      }
    }
  }
}
